# This file is generated by running "yarn install" inside your project.
# Manual changes might be lost - proceed with caution!

__metadata:
  version: 6
  cacheKey: 8

"@types/prop-types@npm:*":
  version: 15.7.5
  resolution: "@types/prop-types@npm:15.7.5"
  checksum: 5b43b8b15415e1f298243165f1d44390403bb2bd42e662bca3b5b5633fdd39c938e91b7fce3a9483699db0f7a715d08cef220c121f723a634972fdf596aec980
  languageName: node
  linkType: hard

"@types/react@npm:^18.2.20":
  version: 18.2.20
  resolution: "@types/react@npm:18.2.20"
  dependencies:
    "@types/prop-types": "*"
    "@types/scheduler": "*"
    csstype: ^3.0.2
  checksum: 30f699c60e5e4bfef273ce64d320651cdd60f5c6a08361c6c7eca8cebcccda1ac953d2ee57c9f321b5ae87f8a62c72b6d35ca42df0e261d337849952daab2141
  languageName: node
  linkType: hard

"@types/scheduler@npm:*":
  version: 0.16.3
  resolution: "@types/scheduler@npm:0.16.3"
  checksum: 2b0aec39c24268e3ce938c5db2f2e77f5c3dd280e05c262d9c2fe7d890929e4632a6b8e94334017b66b45e4f92a5aa42ba3356640c2a1175fa37bef2f5200767
  languageName: node
  linkType: hard

"csstype@npm:^3.0.2":
  version: 3.1.2
  resolution: "csstype@npm:3.1.2"
  checksum: e1a52e6c25c1314d6beef5168da704ab29c5186b877c07d822bd0806717d9a265e8493a2e35ca7e68d0f5d472d43fac1cdce70fd79fd0853dff81f3028d857b5
  languageName: node
  linkType: hard

"radix3@npm:^1.1.0":
  version: 1.1.0
  resolution: "radix3@npm:1.1.0"
  checksum: e5e6ed8fcf68be4d124bca4f7da7ba0fc7c5b6f9e98bc3f4424459c45d50f1f92506c5f7f8421b5cfee5823c524a4a2cef416053e88845813ce9fc9c7086729a
  languageName: node
  linkType: hard

"use-stages@workspace:.":
  version: 0.0.0-use.local
  resolution: "use-stages@workspace:."
  dependencies:
    "@types/react": ^18.2.20
    radix3: ^1.1.0
  peerDependencies:
    "@types/react": "*"
    react: "*"
  languageName: unknown
  linkType: soft
